
Microsoft Visual Studio Solution File, Format Version 12.00
# Visual Studio Version 17
VisualStudioVersion = 17.7.34018.315
MinimumVisualStudioVersion = 10.0.40219.1
Project("{FAE04EC0-301F-11D3-BF4B-00C04F79EFBC}") = "UTC_LAB_4", "UTC_LAB_4.csproj", "{DD78F2AD-B0B9-42C7-8BFA-9748C04A19A6}"
EndProject
Global
	GlobalSection(SolutionConfigurationPlatforms) = preSolution
		Debug|Any CPU = Debug|Any CPU
		Release|Any CPU = Release|Any CPU
	EndGlobalSection
	GlobalSection(ProjectConfigurationPlatforms) = postSolution
		{DD78F2AD-B0B9-42C7-8BFA-9748C04A19A6}.Debug|Any CPU.ActiveCfg = Debug|Any CPU
		{DD78F2AD-B0B9-42C7-8BFA-9748C04A19A6}.Debug|Any CPU.Build.0 = Debug|Any CPU
		{DD78F2AD-B0B9-42C7-8BFA-9748C04A19A6}.Release|Any CPU.ActiveCfg = Release|Any CPU
		{DD78F2AD-B0B9-42C7-8BFA-9748C04A19A6}.Release|Any CPU.Build.0 = Release|Any CPU
	EndGlobalSection
	GlobalSection(SolutionProperties) = preSolution
		HideSolutionNode = FALSE
	EndGlobalSection
	GlobalSection(ExtensibilityGlobals) = postSolution
		SolutionGuid = {FF73D53B-DAED-4206-AACB-88B8486E319F}
	EndGlobalSection
EndGlobal
